// !$*UTF8*$!
{
	archiveVersion = 1;
	classes = {
	};
	objectVersion = 46;
	objects = {

/* Begin PBXBuildFile section */
		0C6AA76ED8EBC9D8B3D1EEEE /* libPods-E-Commerce DemoUITests.a in Frameworks */ = {isa = PBXBuildFile; fileRef = 076691D5CFF626F7BEA7E3F7 /* libPods-E-Commerce DemoUITests.a */; };
		30429FF821DCBFFA00DABC45 /* Category.h in Sources */ = {isa = PBXBuildFile; fileRef = 30429FF721DCBFFA00DABC45 /* Category.h */; };
		30429FFB21DCC14100DABC45 /* Category.m in Sources */ = {isa = PBXBuildFile; fileRef = 30429FFA21DCC14100DABC45 /* Category.m */; };
		30429FFD21DCC15000DABC45 /* Product.m in Sources */ = {isa = PBXBuildFile; fileRef = 30429FFC21DCC15000DABC45 /* Product.m */; };
		3042A00321DDEF1200DABC45 /* Utility.m in Sources */ = {isa = PBXBuildFile; fileRef = 3042A00221DDEF1200DABC45 /* Utility.m */; };
		3042A00621DE0A7D00DABC45 /* BorderedView.m in Sources */ = {isa = PBXBuildFile; fileRef = 3042A00521DE0A7D00DABC45 /* BorderedView.m */; };
		3042A00921DE385D00DABC45 /* ProductDetailController.m in Sources */ = {isa = PBXBuildFile; fileRef = 3042A00821DE385D00DABC45 /* ProductDetailController.m */; };
		30C888D021DB771600F4B05C /* main.m in Sources */ = {isa = PBXBuildFile; fileRef = 30C888CF21DB771600F4B05C /* main.m */; };
		30C888D321DB771600F4B05C /* AppDelegate.m in Sources */ = {isa = PBXBuildFile; fileRef = 30C888D221DB771600F4B05C /* AppDelegate.m */; };
		30C888D621DB771600F4B05C /* AllProductsController.m in Sources */ = {isa = PBXBuildFile; fileRef = 30C888D521DB771600F4B05C /* AllProductsController.m */; };
		30C888D921DB771600F4B05C /* Main.storyboard in Resources */ = {isa = PBXBuildFile; fileRef = 30C888D721DB771600F4B05C /* Main.storyboard */; };
		30C888DB21DB771600F4B05C /* Assets.xcassets in Resources */ = {isa = PBXBuildFile; fileRef = 30C888DA21DB771600F4B05C /* Assets.xcassets */; };
		30C888DE21DB771600F4B05C /* LaunchScreen.storyboard in Resources */ = {isa = PBXBuildFile; fileRef = 30C888DC21DB771600F4B05C /* LaunchScreen.storyboard */; };
		30C888E921DB771600F4B05C /* E_Commerce_DemoTests.m in Sources */ = {isa = PBXBuildFile; fileRef = 30C888E821DB771600F4B05C /* E_Commerce_DemoTests.m */; };
		30C888F421DB771600F4B05C /* E_Commerce_DemoUITests.m in Sources */ = {isa = PBXBuildFile; fileRef = 30C888F321DB771600F4B05C /* E_Commerce_DemoUITests.m */; };
		30C8890621DB80C400F4B05C /* CategoryWithProductsCell.m in Sources */ = {isa = PBXBuildFile; fileRef = 30C8890421DB80C400F4B05C /* CategoryWithProductsCell.m */; };
		30C8890721DB80C400F4B05C /* CategoryWithProductsCell.xib in Resources */ = {isa = PBXBuildFile; fileRef = 30C8890521DB80C400F4B05C /* CategoryWithProductsCell.xib */; };
		30C8890B21DB858700F4B05C /* ProductCell.m in Sources */ = {isa = PBXBuildFile; fileRef = 30C8890921DB858700F4B05C /* ProductCell.m */; };
		30C8890C21DB858700F4B05C /* ProductCell.xib in Resources */ = {isa = PBXBuildFile; fileRef = 30C8890A21DB858700F4B05C /* ProductCell.xib */; };
		30C8891021DB893300F4B05C /* ProductTableCell.m in Sources */ = {isa = PBXBuildFile; fileRef = 30C8890E21DB893300F4B05C /* ProductTableCell.m */; };
		30C8891121DB893300F4B05C /* ProductTableCell.xib in Resources */ = {isa = PBXBuildFile; fileRef = 30C8890F21DB893300F4B05C /* ProductTableCell.xib */; };
		30C8891421DB93F900F4B05C /* Input.json in Resources */ = {isa = PBXBuildFile; fileRef = 30C8891321DB93F900F4B05C /* Input.json */; };
		30C8891D21DCB62A00F4B05C /* CategorySectionCell.m in Sources */ = {isa = PBXBuildFile; fileRef = 30C8891B21DCB62A00F4B05C /* CategorySectionCell.m */; };
		30C8891E21DCB62A00F4B05C /* CategorySectionCell.xib in Resources */ = {isa = PBXBuildFile; fileRef = 30C8891C21DCB62A00F4B05C /* CategorySectionCell.xib */; };
		8A0F5DC763ABA2D98AC9277D /* libPods-E-Commerce DemoTests.a in Frameworks */ = {isa = PBXBuildFile; fileRef = 964D51CAFD16F0B9D0EDE151 /* libPods-E-Commerce DemoTests.a */; };
		D49C41F9FDAC84AC7A2E518D /* libPods-E-Commerce Demo.a in Frameworks */ = {isa = PBXBuildFile; fileRef = 2D82A75D9D4828B8F8F0964D /* libPods-E-Commerce Demo.a */; };
/* End PBXBuildFile section */

/* Begin PBXContainerItemProxy section */
		30C888E521DB771600F4B05C /* PBXContainerItemProxy */ = {
			isa = PBXContainerItemProxy;
			containerPortal = 30C888C321DB771600F4B05C /* Project object */;
			proxyType = 1;
			remoteGlobalIDString = 30C888CA21DB771600F4B05C;
			remoteInfo = "E-Commerce Demo";
		};
		30C888F021DB771600F4B05C /* PBXContainerItemProxy */ = {
			isa = PBXContainerItemProxy;
			containerPortal = 30C888C321DB771600F4B05C /* Project object */;
			proxyType = 1;
			remoteGlobalIDString = 30C888CA21DB771600F4B05C;
			remoteInfo = "E-Commerce Demo";
		};
/* End PBXContainerItemProxy section */

/* Begin PBXFileReference section */
		076691D5CFF626F7BEA7E3F7 /* libPods-E-Commerce DemoUITests.a */ = {isa = PBXFileReference; explicitFileType = archive.ar; includeInIndex = 0; path = "libPods-E-Commerce DemoUITests.a"; sourceTree = BUILT_PRODUCTS_DIR; };
		2145FB269F691E70D8620D6A /* Pods-E-Commerce DemoTests.release.xcconfig */ = {isa = PBXFileReference; includeInIndex = 1; lastKnownFileType = text.xcconfig; name = "Pods-E-Commerce DemoTests.release.xcconfig"; path = "Pods/Target Support Files/Pods-E-Commerce DemoTests/Pods-E-Commerce DemoTests.release.xcconfig"; sourceTree = "<group>"; };
		2986E46F197E6A79A1F4460C /* Pods-E-Commerce DemoUITests.release.xcconfig */ = {isa = PBXFileReference; includeInIndex = 1; lastKnownFileType = text.xcconfig; name = "Pods-E-Commerce DemoUITests.release.xcconfig"; path = "Pods/Target Support Files/Pods-E-Commerce DemoUITests/Pods-E-Commerce DemoUITests.release.xcconfig"; sourceTree = "<group>"; };
		2D82A75D9D4828B8F8F0964D /* libPods-E-Commerce Demo.a */ = {isa = PBXFileReference; explicitFileType = archive.ar; includeInIndex = 0; path = "libPods-E-Commerce Demo.a"; sourceTree = BUILT_PRODUCTS_DIR; };
		30429FF721DCBFFA00DABC45 /* Category.h */ = {isa = PBXFileReference; fileEncoding = 4; lastKnownFileType = sourcecode.c.h; path = Category.h; sourceTree = "<group>"; };
		30429FF921DCC0F100DABC45 /* Product.h */ = {isa = PBXFileReference; lastKnownFileType = sourcecode.c.h; path = Product.h; sourceTree = "<group>"; };
		30429FFA21DCC14100DABC45 /* Category.m */ = {isa = PBXFileReference; fileEncoding = 4; lastKnownFileType = sourcecode.c.objc; path = Category.m; sourceTree = "<group>"; };
		30429FFC21DCC15000DABC45 /* Product.m */ = {isa = PBXFileReference; fileEncoding = 4; lastKnownFileType = sourcecode.c.objc; path = Product.m; sourceTree = "<group>"; };
		3042A00121DDEF1200DABC45 /* Utility.h */ = {isa = PBXFileReference; fileEncoding = 4; lastKnownFileType = sourcecode.c.h; path = Utility.h; sourceTree = "<group>"; };
		3042A00221DDEF1200DABC45 /* Utility.m */ = {isa = PBXFileReference; fileEncoding = 4; lastKnownFileType = sourcecode.c.objc; path = Utility.m; sourceTree = "<group>"; };
		3042A00421DE0A7D00DABC45 /* BorderedView.h */ = {isa = PBXFileReference; fileEncoding = 4; lastKnownFileType = sourcecode.c.h; path = BorderedView.h; sourceTree = "<group>"; };
		3042A00521DE0A7D00DABC45 /* BorderedView.m */ = {isa = PBXFileReference; fileEncoding = 4; lastKnownFileType = sourcecode.c.objc; path = BorderedView.m; sourceTree = "<group>"; };
		3042A00721DE385D00DABC45 /* ProductDetailController.h */ = {isa = PBXFileReference; fileEncoding = 4; lastKnownFileType = sourcecode.c.h; path = ProductDetailController.h; sourceTree = "<group>"; };
		3042A00821DE385D00DABC45 /* ProductDetailController.m */ = {isa = PBXFileReference; fileEncoding = 4; lastKnownFileType = sourcecode.c.objc; path = ProductDetailController.m; sourceTree = "<group>"; };
		30C888CB21DB771600F4B05C /* E-Commerce Demo.app */ = {isa = PBXFileReference; explicitFileType = wrapper.application; includeInIndex = 0; path = "E-Commerce Demo.app"; sourceTree = BUILT_PRODUCTS_DIR; };
		30C888CF21DB771600F4B05C /* main.m */ = {isa = PBXFileReference; lastKnownFileType = sourcecode.c.objc; path = main.m; sourceTree = "<group>"; };
		30C888D121DB771600F4B05C /* AppDelegate.h */ = {isa = PBXFileReference; lastKnownFileType = sourcecode.c.h; path = AppDelegate.h; sourceTree = "<group>"; };
		30C888D221DB771600F4B05C /* AppDelegate.m */ = {isa = PBXFileReference; lastKnownFileType = sourcecode.c.objc; path = AppDelegate.m; sourceTree = "<group>"; };
		30C888D421DB771600F4B05C /* AllProductsController.h */ = {isa = PBXFileReference; lastKnownFileType = sourcecode.c.h; path = AllProductsController.h; sourceTree = "<group>"; };
		30C888D521DB771600F4B05C /* AllProductsController.m */ = {isa = PBXFileReference; lastKnownFileType = sourcecode.c.objc; path = AllProductsController.m; sourceTree = "<group>"; };
		30C888D821DB771600F4B05C /* Base */ = {isa = PBXFileReference; lastKnownFileType = file.storyboard; name = Base; path = Base.lproj/Main.storyboard; sourceTree = "<group>"; };
		30C888DA21DB771600F4B05C /* Assets.xcassets */ = {isa = PBXFileReference; lastKnownFileType = folder.assetcatalog; path = Assets.xcassets; sourceTree = "<group>"; };
		30C888DD21DB771600F4B05C /* Base */ = {isa = PBXFileReference; lastKnownFileType = file.storyboard; name = Base; path = Base.lproj/LaunchScreen.storyboard; sourceTree = "<group>"; };
		30C888DF21DB771600F4B05C /* Info.plist */ = {isa = PBXFileReference; lastKnownFileType = text.plist.xml; path = Info.plist; sourceTree = "<group>"; };
		30C888E421DB771600F4B05C /* E-Commerce DemoTests.xctest */ = {isa = PBXFileReference; explicitFileType = wrapper.cfbundle; includeInIndex = 0; path = "E-Commerce DemoTests.xctest"; sourceTree = BUILT_PRODUCTS_DIR; };
		30C888E821DB771600F4B05C /* E_Commerce_DemoTests.m */ = {isa = PBXFileReference; lastKnownFileType = sourcecode.c.objc; path = E_Commerce_DemoTests.m; sourceTree = "<group>"; };
		30C888EA21DB771600F4B05C /* Info.plist */ = {isa = PBXFileReference; lastKnownFileType = text.plist.xml; path = Info.plist; sourceTree = "<group>"; };
		30C888EF21DB771600F4B05C /* E-Commerce DemoUITests.xctest */ = {isa = PBXFileReference; explicitFileType = wrapper.cfbundle; includeInIndex = 0; path = "E-Commerce DemoUITests.xctest"; sourceTree = BUILT_PRODUCTS_DIR; };
		30C888F321DB771600F4B05C /* E_Commerce_DemoUITests.m */ = {isa = PBXFileReference; lastKnownFileType = sourcecode.c.objc; path = E_Commerce_DemoUITests.m; sourceTree = "<group>"; };
		30C888F521DB771600F4B05C /* Info.plist */ = {isa = PBXFileReference; lastKnownFileType = text.plist.xml; path = Info.plist; sourceTree = "<group>"; };
		30C8890321DB80C400F4B05C /* CategoryWithProductsCell.h */ = {isa = PBXFileReference; fileEncoding = 4; lastKnownFileType = sourcecode.c.h; path = CategoryWithProductsCell.h; sourceTree = "<group>"; };
		30C8890421DB80C400F4B05C /* CategoryWithProductsCell.m */ = {isa = PBXFileReference; fileEncoding = 4; lastKnownFileType = sourcecode.c.objc; path = CategoryWithProductsCell.m; sourceTree = "<group>"; };
		30C8890521DB80C400F4B05C /* CategoryWithProductsCell.xib */ = {isa = PBXFileReference; fileEncoding = 4; lastKnownFileType = file.xib; path = CategoryWithProductsCell.xib; sourceTree = "<group>"; };
		30C8890821DB858700F4B05C /* ProductCell.h */ = {isa = PBXFileReference; fileEncoding = 4; lastKnownFileType = sourcecode.c.h; path = ProductCell.h; sourceTree = "<group>"; };
		30C8890921DB858700F4B05C /* ProductCell.m */ = {isa = PBXFileReference; fileEncoding = 4; lastKnownFileType = sourcecode.c.objc; path = ProductCell.m; sourceTree = "<group>"; };
		30C8890A21DB858700F4B05C /* ProductCell.xib */ = {isa = PBXFileReference; fileEncoding = 4; lastKnownFileType = file.xib; path = ProductCell.xib; sourceTree = "<group>"; };
		30C8890D21DB893300F4B05C /* ProductTableCell.h */ = {isa = PBXFileReference; fileEncoding = 4; lastKnownFileType = sourcecode.c.h; path = ProductTableCell.h; sourceTree = "<group>"; };
		30C8890E21DB893300F4B05C /* ProductTableCell.m */ = {isa = PBXFileReference; fileEncoding = 4; lastKnownFileType = sourcecode.c.objc; path = ProductTableCell.m; sourceTree = "<group>"; };
		30C8890F21DB893300F4B05C /* ProductTableCell.xib */ = {isa = PBXFileReference; fileEncoding = 4; lastKnownFileType = file.xib; path = ProductTableCell.xib; sourceTree = "<group>"; };
		30C8891321DB93F900F4B05C /* Input.json */ = {isa = PBXFileReference; fileEncoding = 4; lastKnownFileType = text.json; path = Input.json; sourceTree = "<group>"; };
		30C8891A21DCB62A00F4B05C /* CategorySectionCell.h */ = {isa = PBXFileReference; fileEncoding = 4; lastKnownFileType = sourcecode.c.h; path = CategorySectionCell.h; sourceTree = "<group>"; };
		30C8891B21DCB62A00F4B05C /* CategorySectionCell.m */ = {isa = PBXFileReference; fileEncoding = 4; lastKnownFileType = sourcecode.c.objc; path = CategorySectionCell.m; sourceTree = "<group>"; };
		30C8891C21DCB62A00F4B05C /* CategorySectionCell.xib */ = {isa = PBXFileReference; fileEncoding = 4; lastKnownFileType = file.xib; path = CategorySectionCell.xib; sourceTree = "<group>"; };
		7B957764EDD4A975F9A82551 /* Pods-E-Commerce DemoUITests.debug.xcconfig */ = {isa = PBXFileReference; includeInIndex = 1; lastKnownFileType = text.xcconfig; name = "Pods-E-Commerce DemoUITests.debug.xcconfig"; path = "Pods/Target Support Files/Pods-E-Commerce DemoUITests/Pods-E-Commerce DemoUITests.debug.xcconfig"; sourceTree = "<group>"; };
		964D51CAFD16F0B9D0EDE151 /* libPods-E-Commerce DemoTests.a */ = {isa = PBXFileReference; explicitFileType = archive.ar; includeInIndex = 0; path = "libPods-E-Commerce DemoTests.a"; sourceTree = BUILT_PRODUCTS_DIR; };
		C9B522B2A31F88C5A97ED499 /* Pods-E-Commerce DemoTests.debug.xcconfig */ = {isa = PBXFileReference; includeInIndex = 1; lastKnownFileType = text.xcconfig; name = "Pods-E-Commerce DemoTests.debug.xcconfig"; path = "Pods/Target Support Files/Pods-E-Commerce DemoTests/Pods-E-Commerce DemoTests.debug.xcconfig"; sourceTree = "<group>"; };
		D843AD3347FC494104EE58D9 /* Pods-E-Commerce Demo.debug.xcconfig */ = {isa = PBXFileReference; includeInIndex = 1; lastKnownFileType = text.xcconfig; name = "Pods-E-Commerce Demo.debug.xcconfig"; path = "Pods/Target Support Files/Pods-E-Commerce Demo/Pods-E-Commerce Demo.debug.xcconfig"; sourceTree = "<group>"; };
		DF5992D36A3CF2101F6CF5EE /* Pods-E-Commerce Demo.release.xcconfig */ = {isa = PBXFileReference; includeInIndex = 1; lastKnownFileType = text.xcconfig; name = "Pods-E-Commerce Demo.release.xcconfig"; path = "Pods/Target Support Files/Pods-E-Commerce Demo/Pods-E-Commerce Demo.release.xcconfig"; sourceTree = "<group>"; };
/* End PBXFileReference section */

/* Begin PBXFrameworksBuildPhase section */
		30C888C821DB771600F4B05C /* Frameworks */ = {
			isa = PBXFrameworksBuildPhase;
			buildActionMask = 2147483647;
			files = (
				D49C41F9FDAC84AC7A2E518D /* libPods-E-Commerce Demo.a in Frameworks */,
			);
			runOnlyForDeploymentPostprocessing = 0;
		};
		30C888E121DB771600F4B05C /* Frameworks */ = {
			isa = PBXFrameworksBuildPhase;
			buildActionMask = 2147483647;
			files = (
				8A0F5DC763ABA2D98AC9277D /* libPods-E-Commerce DemoTests.a in Frameworks */,
			);
			runOnlyForDeploymentPostprocessing = 0;
		};
		30C888EC21DB771600F4B05C /* Frameworks */ = {
			isa = PBXFrameworksBuildPhase;
			buildActionMask = 2147483647;
			files = (
				0C6AA76ED8EBC9D8B3D1EEEE /* libPods-E-Commerce DemoUITests.a in Frameworks */,
			);
			runOnlyForDeploymentPostprocessing = 0;
		};
/* End PBXFrameworksBuildPhase section */

/* Begin PBXGroup section */
		30429FF621DCBFB200DABC45 /* Models */ = {
			isa = PBXGroup;
			children = (
				30429FF721DCBFFA00DABC45 /* Category.h */,
				30429FFA21DCC14100DABC45 /* Category.m */,
				30429FF921DCC0F100DABC45 /* Product.h */,
				30429FFC21DCC15000DABC45 /* Product.m */,
			);
			name = Models;
			sourceTree = "<group>";
		};
		30429FFE21DDEE9C00DABC45 /* Common */ = {
			isa = PBXGroup;
			children = (
				3042A00121DDEF1200DABC45 /* Utility.h */,
				3042A00221DDEF1200DABC45 /* Utility.m */,
				3042A00421DE0A7D00DABC45 /* BorderedView.h */,
				3042A00521DE0A7D00DABC45 /* BorderedView.m */,
			);
			name = Common;
			sourceTree = "<group>";
		};
		30C888C221DB771600F4B05C = {
			isa = PBXGroup;
			children = (
				30C888CD21DB771600F4B05C /* E-Commerce Demo */,
				30C888E721DB771600F4B05C /* E-Commerce DemoTests */,
				30C888F221DB771600F4B05C /* E-Commerce DemoUITests */,
				30C888CC21DB771600F4B05C /* Products */,
				33D396C798D8544C01EB3460 /* Pods */,
				9075B0DEB3F91CDA044A165A /* Frameworks */,
			);
			sourceTree = "<group>";
		};
		30C888CC21DB771600F4B05C /* Products */ = {
			isa = PBXGroup;
			children = (
				30C888CB21DB771600F4B05C /* E-Commerce Demo.app */,
				30C888E421DB771600F4B05C /* E-Commerce DemoTests.xctest */,
				30C888EF21DB771600F4B05C /* E-Commerce DemoUITests.xctest */,
			);
			name = Products;
			sourceTree = "<group>";
		};
		30C888CD21DB771600F4B05C /* E-Commerce Demo */ = {
			isa = PBXGroup;
			children = (
				30C8891221DB93CC00F4B05C /* Other files */,
				30C8890121DB802600F4B05C /* ProductFlow */,
				30C888D121DB771600F4B05C /* AppDelegate.h */,
				30C888D221DB771600F4B05C /* AppDelegate.m */,
				30C888D721DB771600F4B05C /* Main.storyboard */,
				30C888DA21DB771600F4B05C /* Assets.xcassets */,
				30C888DC21DB771600F4B05C /* LaunchScreen.storyboard */,
				30C888DF21DB771600F4B05C /* Info.plist */,
				30C888CE21DB771600F4B05C /* Supporting Files */,
			);
			path = "E-Commerce Demo";
			sourceTree = "<group>";
		};
		30C888CE21DB771600F4B05C /* Supporting Files */ = {
			isa = PBXGroup;
			children = (
				30C888CF21DB771600F4B05C /* main.m */,
			);
			name = "Supporting Files";
			sourceTree = "<group>";
		};
		30C888E721DB771600F4B05C /* E-Commerce DemoTests */ = {
			isa = PBXGroup;
			children = (
				30C888E821DB771600F4B05C /* E_Commerce_DemoTests.m */,
				30C888EA21DB771600F4B05C /* Info.plist */,
			);
			path = "E-Commerce DemoTests";
			sourceTree = "<group>";
		};
		30C888F221DB771600F4B05C /* E-Commerce DemoUITests */ = {
			isa = PBXGroup;
			children = (
				30C888F321DB771600F4B05C /* E_Commerce_DemoUITests.m */,
				30C888F521DB771600F4B05C /* Info.plist */,
			);
			path = "E-Commerce DemoUITests";
			sourceTree = "<group>";
		};
		30C8890121DB802600F4B05C /* ProductFlow */ = {
			isa = PBXGroup;
			children = (
				30429FFE21DDEE9C00DABC45 /* Common */,
				30429FF621DCBFB200DABC45 /* Models */,
				30C8890221DB808500F4B05C /* Cells */,
				30C888D421DB771600F4B05C /* AllProductsController.h */,
				30C888D521DB771600F4B05C /* AllProductsController.m */,
				3042A00721DE385D00DABC45 /* ProductDetailController.h */,
				3042A00821DE385D00DABC45 /* ProductDetailController.m */,
			);
			name = ProductFlow;
			sourceTree = "<group>";
		};
		30C8890221DB808500F4B05C /* Cells */ = {
			isa = PBXGroup;
			children = (
				30C8890321DB80C400F4B05C /* CategoryWithProductsCell.h */,
				30C8890421DB80C400F4B05C /* CategoryWithProductsCell.m */,
				30C8890521DB80C400F4B05C /* CategoryWithProductsCell.xib */,
				30C8890821DB858700F4B05C /* ProductCell.h */,
				30C8890921DB858700F4B05C /* ProductCell.m */,
				30C8890A21DB858700F4B05C /* ProductCell.xib */,
				30C8890D21DB893300F4B05C /* ProductTableCell.h */,
				30C8890E21DB893300F4B05C /* ProductTableCell.m */,
				30C8890F21DB893300F4B05C /* ProductTableCell.xib */,
				30C8891A21DCB62A00F4B05C /* CategorySectionCell.h */,
				30C8891B21DCB62A00F4B05C /* CategorySectionCell.m */,
				30C8891C21DCB62A00F4B05C /* CategorySectionCell.xib */,
			);
			name = Cells;
			sourceTree = "<group>";
		};
		30C8891221DB93CC00F4B05C /* Other files */ = {
			isa = PBXGroup;
			children = (
				30C8891321DB93F900F4B05C /* Input.json */,
			);
			name = "Other files";
			sourceTree = "<group>";
		};
		33D396C798D8544C01EB3460 /* Pods */ = {
			isa = PBXGroup;
			children = (
				D843AD3347FC494104EE58D9 /* Pods-E-Commerce Demo.debug.xcconfig */,
				DF5992D36A3CF2101F6CF5EE /* Pods-E-Commerce Demo.release.xcconfig */,
				C9B522B2A31F88C5A97ED499 /* Pods-E-Commerce DemoTests.debug.xcconfig */,
				2145FB269F691E70D8620D6A /* Pods-E-Commerce DemoTests.release.xcconfig */,
				7B957764EDD4A975F9A82551 /* Pods-E-Commerce DemoUITests.debug.xcconfig */,
				2986E46F197E6A79A1F4460C /* Pods-E-Commerce DemoUITests.release.xcconfig */,
			);
			name = Pods;
			sourceTree = "<group>";
		};
		9075B0DEB3F91CDA044A165A /* Frameworks */ = {
			isa = PBXGroup;
			children = (
				2D82A75D9D4828B8F8F0964D /* libPods-E-Commerce Demo.a */,
				964D51CAFD16F0B9D0EDE151 /* libPods-E-Commerce DemoTests.a */,
				076691D5CFF626F7BEA7E3F7 /* libPods-E-Commerce DemoUITests.a */,
			);
			name = Frameworks;
			sourceTree = "<group>";
		};
/* End PBXGroup section */

/* Begin PBXNativeTarget section */
		30C888CA21DB771600F4B05C /* E-Commerce Demo */ = {
			isa = PBXNativeTarget;
			buildConfigurationList = 30C888F821DB771600F4B05C /* Build configuration list for PBXNativeTarget "E-Commerce Demo" */;
			buildPhases = (
				22E9B88DC2F07863293D22D5 /* [CP] Check Pods Manifest.lock */,
				30C888C721DB771600F4B05C /* Sources */,
				30C888C821DB771600F4B05C /* Frameworks */,
				30C888C921DB771600F4B05C /* Resources */,
				BDFEFF5E0ACCF8E0028AB20B /* [CP] Embed Pods Frameworks */,
				25674F95CA9591DFA65CE112 /* [CP] Copy Pods Resources */,
			);
			buildRules = (
			);
			dependencies = (
			);
			name = "E-Commerce Demo";
			productName = "E-Commerce Demo";
			productReference = 30C888CB21DB771600F4B05C /* E-Commerce Demo.app */;
			productType = "com.apple.product-type.application";
		};
		30C888E321DB771600F4B05C /* E-Commerce DemoTests */ = {
			isa = PBXNativeTarget;
			buildConfigurationList = 30C888FB21DB771600F4B05C /* Build configuration list for PBXNativeTarget "E-Commerce DemoTests" */;
			buildPhases = (
				FD40D261D52CE80C8E51F36F /* [CP] Check Pods Manifest.lock */,
				30C888E021DB771600F4B05C /* Sources */,
				30C888E121DB771600F4B05C /* Frameworks */,
				30C888E221DB771600F4B05C /* Resources */,
				C3A78EF3D88E5F46E0B19B8D /* [CP] Embed Pods Frameworks */,
				AF5F86AA0CB89BABD57028AF /* [CP] Copy Pods Resources */,
			);
			buildRules = (
			);
			dependencies = (
				30C888E621DB771600F4B05C /* PBXTargetDependency */,
			);
			name = "E-Commerce DemoTests";
			productName = "E-Commerce DemoTests";
			productReference = 30C888E421DB771600F4B05C /* E-Commerce DemoTests.xctest */;
			productType = "com.apple.product-type.bundle.unit-test";
		};
		30C888EE21DB771600F4B05C /* E-Commerce DemoUITests */ = {
			isa = PBXNativeTarget;
			buildConfigurationList = 30C888FE21DB771600F4B05C /* Build configuration list for PBXNativeTarget "E-Commerce DemoUITests" */;
			buildPhases = (
				7D6296C8241E870DB7A4D947 /* [CP] Check Pods Manifest.lock */,
				30C888EB21DB771600F4B05C /* Sources */,
				30C888EC21DB771600F4B05C /* Frameworks */,
				30C888ED21DB771600F4B05C /* Resources */,
				185FEB9A76B6E44DE3B98B26 /* [CP] Embed Pods Frameworks */,
				EEE3DD1E3E03DC3E2F792A83 /* [CP] Copy Pods Resources */,
			);
			buildRules = (
			);
			dependencies = (
				30C888F121DB771600F4B05C /* PBXTargetDependency */,
			);
			name = "E-Commerce DemoUITests";
			productName = "E-Commerce DemoUITests";
			productReference = 30C888EF21DB771600F4B05C /* E-Commerce DemoUITests.xctest */;
			productType = "com.apple.product-type.bundle.ui-testing";
		};
/* End PBXNativeTarget section */

/* Begin PBXProject section */
		30C888C321DB771600F4B05C /* Project object */ = {
			isa = PBXProject;
			attributes = {
				LastUpgradeCheck = 0830;
				ORGANIZATIONNAME = Evolusolve;
				TargetAttributes = {
					30C888CA21DB771600F4B05C = {
						CreatedOnToolsVersion = 8.3.3;
						DevelopmentTeam = 8ELBGGK4LH;
						ProvisioningStyle = Automatic;
					};
					30C888E321DB771600F4B05C = {
						CreatedOnToolsVersion = 8.3.3;
						DevelopmentTeam = 8ELBGGK4LH;
						ProvisioningStyle = Automatic;
						TestTargetID = 30C888CA21DB771600F4B05C;
					};
					30C888EE21DB771600F4B05C = {
						CreatedOnToolsVersion = 8.3.3;
						DevelopmentTeam = 8ELBGGK4LH;
						ProvisioningStyle = Automatic;
						TestTargetID = 30C888CA21DB771600F4B05C;
					};
				};
			};
			buildConfigurationList = 30C888C621DB771600F4B05C /* Build configuration list for PBXProject "E-Commerce Demo" */;
			compatibilityVersion = "Xcode 3.2";
			developmentRegion = English;
			hasScannedForEncodings = 0;
			knownRegions = (
				en,
				Base,
			);
			mainGroup = 30C888C221DB771600F4B05C;
			productRefGroup = 30C888CC21DB771600F4B05C /* Products */;
			projectDirPath = "";
			projectRoot = "";
			targets = (
				30C888CA21DB771600F4B05C /* E-Commerce Demo */,
				30C888E321DB771600F4B05C /* E-Commerce DemoTests */,
				30C888EE21DB771600F4B05C /* E-Commerce DemoUITests */,
			);
		};
/* End PBXProject section */

/* Begin PBXResourcesBuildPhase section */
		30C888C921DB771600F4B05C /* Resources */ = {
			isa = PBXResourcesBuildPhase;
			buildActionMask = 2147483647;
			files = (
				30C888DE21DB771600F4B05C /* LaunchScreen.storyboard in Resources */,
				30C8891421DB93F900F4B05C /* Input.json in Resources */,
				30C888DB21DB771600F4B05C /* Assets.xcassets in Resources */,
				30C8891E21DCB62A00F4B05C /* CategorySectionCell.xib in Resources */,
				30C8890C21DB858700F4B05C /* ProductCell.xib in Resources */,
				30C888D921DB771600F4B05C /* Main.storyboard in Resources */,
				30C8891121DB893300F4B05C /* ProductTableCell.xib in Resources */,
				30C8890721DB80C400F4B05C /* CategoryWithProductsCell.xib in Resources */,
			);
			runOnlyForDeploymentPostprocessing = 0;
		};
		30C888E221DB771600F4B05C /* Resources */ = {
			isa = PBXResourcesBuildPhase;
			buildActionMask = 2147483647;
			files = (
			);
			runOnlyForDeploymentPostprocessing = 0;
		};
		30C888ED21DB771600F4B05C /* Resources */ = {
			isa = PBXResourcesBuildPhase;
			buildActionMask = 2147483647;
			files = (
			);
			runOnlyForDeploymentPostprocessing = 0;
		};
/* End PBXResourcesBuildPhase section */

/* Begin PBXShellScriptBuildPhase section */
		185FEB9A76B6E44DE3B98B26 /* [CP] Embed Pods Frameworks */ = {
			isa = PBXShellScriptBuildPhase;
			buildActionMask = 2147483647;
			files = (
			);
			inputPaths = (
			);
			name = "[CP] Embed Pods Frameworks";
			outputPaths = (
			);
			runOnlyForDeploymentPostprocessing = 0;
			shellPath = /bin/sh;
			shellScript = "\"${SRCROOT}/Pods/Target Support Files/Pods-E-Commerce DemoUITests/Pods-E-Commerce DemoUITests-frameworks.sh\"\n";
			showEnvVarsInLog = 0;
		};
		22E9B88DC2F07863293D22D5 /* [CP] Check Pods Manifest.lock */ = {
			isa = PBXShellScriptBuildPhase;
			buildActionMask = 2147483647;
			files = (
			);
			inputPaths = (
			);
			name = "[CP] Check Pods Manifest.lock";
			outputPaths = (
			);
			runOnlyForDeploymentPostprocessing = 0;
			shellPath = /bin/sh;
			shellScript = "diff \"${PODS_PODFILE_DIR_PATH}/Podfile.lock\" \"${PODS_ROOT}/Manifest.lock\" > /dev/null\nif [ $? != 0 ] ; then\n    # print error to STDERR\n    echo \"error: The sandbox is not in sync with the Podfile.lock. Run 'pod install' or update your CocoaPods installation.\" >&2\n    exit 1\nfi\n";
			showEnvVarsInLog = 0;
		};
		25674F95CA9591DFA65CE112 /* [CP] Copy Pods Resources */ = {
			isa = PBXShellScriptBuildPhase;
			buildActionMask = 2147483647;
			files = (
			);
			inputPaths = (
			);
			name = "[CP] Copy Pods Resources";
			outputPaths = (
			);
			runOnlyForDeploymentPostprocessing = 0;
			shellPath = /bin/sh;
			shellScript = "\"${SRCROOT}/Pods/Target Support Files/Pods-E-Commerce Demo/Pods-E-Commerce Demo-resources.sh\"\n";
			showEnvVarsInLog = 0;
		};
		7D6296C8241E870DB7A4D947 /* [CP] Check Pods Manifest.lock */ = {
			isa = PBXShellScriptBuildPhase;
			buildActionMask = 2147483647;
			files = (
			);
			inputPaths = (
			);
			name = "[CP] Check Pods Manifest.lock";
			outputPaths = (
			);
			runOnlyForDeploymentPostprocessing = 0;
			shellPath = /bin/sh;
			shellScript = "diff \"${PODS_PODFILE_DIR_PATH}/Podfile.lock\" \"${PODS_ROOT}/Manifest.lock\" > /dev/null\nif [ $? != 0 ] ; then\n    # print error to STDERR\n    echo \"error: The sandbox is not in sync with the Podfile.lock. Run 'pod install' or update your CocoaPods installation.\" >&2\n    exit 1\nfi\n";
			showEnvVarsInLog = 0;
		};
		AF5F86AA0CB89BABD57028AF /* [CP] Copy Pods Resources */ = {
			isa = PBXShellScriptBuildPhase;
			buildActionMask = 2147483647;
			files = (
			);
			inputPaths = (
			);
			name = "[CP] Copy Pods Resources";
			outputPaths = (
			);
			runOnlyForDeploymentPostprocessing = 0;
			shellPath = /bin/sh;
			shellScript = "\"${SRCROOT}/Pods/Target Support Files/Pods-E-Commerce DemoTests/Pods-E-Commerce DemoTests-resources.sh\"\n";
			showEnvVarsInLog = 0;
		};
		BDFEFF5E0ACCF8E0028AB20B /* [CP] Embed Pods Frameworks */ = {
			isa = PBXShellScriptBuildPhase;
			buildActionMask = 2147483647;
			files = (
			);
			inputPaths = (
			);
			name = "[CP] Embed Pods Frameworks";
			outputPaths = (
			);
			runOnlyForDeploymentPostprocessing = 0;
			shellPath = /bin/sh;
			shellScript = "\"${SRCROOT}/Pods/Target Support Files/Pods-E-Commerce Demo/Pods-E-Commerce Demo-frameworks.sh\"\n";
			showEnvVarsInLog = 0;
		};
		C3A78EF3D88E5F46E0B19B8D /* [CP] Embed Pods Frameworks */ = {
			isa = PBXShellScriptBuildPhase;
			buildActionMask = 2147483647;
			files = (
			);
			inputPaths = (
			);
			name = "[CP] Embed Pods Frameworks";
			outputPaths = (
			);
			runOnlyForDeploymentPostprocessing = 0;
			shellPath = /bin/sh;
			shellScript = "\"${SRCROOT}/Pods/Target Support Files/Pods-E-Commerce DemoTests/Pods-E-Commerce DemoTests-frameworks.sh\"\n";
			showEnvVarsInLog = 0;
		};
		EEE3DD1E3E03DC3E2F792A83 /* [CP] Copy Pods Resources */ = {
			isa = PBXShellScriptBuildPhase;
			buildActionMask = 2147483647;
			files = (
			);
			inputPaths = (
			);
			name = "[CP] Copy Pods Resources";
			outputPaths = (
			);
			runOnlyForDeploymentPostprocessing = 0;
			shellPath = /bin/sh;
			shellScript = "\"${SRCROOT}/Pods/Target Support Files/Pods-E-Commerce DemoUITests/Pods-E-Commerce DemoUITests-resources.sh\"\n";
			showEnvVarsInLog = 0;
		};
		FD40D261D52CE80C8E51F36F /* [CP] Check Pods Manifest.lock */ = {
			isa = PBXShellScriptBuildPhase;
			buildActionMask = 2147483647;
			files = (
			);
			inputPaths = (
			);
			name = "[CP] Check Pods Manifest.lock";
			outputPaths = (
			);
			runOnlyForDeploymentPostprocessing = 0;
			shellPath = /bin/sh;
			shellScript = "diff \"${PODS_PODFILE_DIR_PATH}/Podfile.lock\" \"${PODS_ROOT}/Manifest.lock\" > /dev/null\nif [ $? != 0 ] ; then\n    # print error to STDERR\n    echo \"error: The sandbox is not in sync with the Podfile.lock. Run 'pod install' or update your CocoaPods installation.\" >&2\n    exit 1\nfi\n";
			showEnvVarsInLog = 0;
		};
/* End PBXShellScriptBuildPhase section */

/* Begin PBXSourcesBuildPhase section */
		30C888C721DB771600F4B05C /* Sources */ = {
			isa = PBXSourcesBuildPhase;
			buildActionMask = 2147483647;
			files = (
				30C8890B21DB858700F4B05C /* ProductCell.m in Sources */,
				30429FFD21DCC15000DABC45 /* Product.m in Sources */,
				30429FFB21DCC14100DABC45 /* Category.m in Sources */,
				30C888D621DB771600F4B05C /* AllProductsController.m in Sources */,
				30C8891D21DCB62A00F4B05C /* CategorySectionCell.m in Sources */,
				30429FF821DCBFFA00DABC45 /* Category.h in Sources */,
				30C8891021DB893300F4B05C /* ProductTableCell.m in Sources */,
				3042A00621DE0A7D00DABC45 /* BorderedView.m in Sources */,
				3042A00321DDEF1200DABC45 /* Utility.m in Sources */,
				30C888D321DB771600F4B05C /* AppDelegate.m in Sources */,
				30C888D021DB771600F4B05C /* main.m in Sources */,
				30C8890621DB80C400F4B05C /* CategoryWithProductsCell.m in Sources */,
				3042A00921DE385D00DABC45 /* ProductDetailController.m in Sources */,
			);
			runOnlyForDeploymentPostprocessing = 0;
		};
		30C888E021DB771600F4B05C /* Sources */ = {
			isa = PBXSourcesBuildPhase;
			buildActionMask = 2147483647;
			files = (
				30C888E921DB771600F4B05C /* E_Commerce_DemoTests.m in Sources */,
			);
			runOnlyForDeploymentPostprocessing = 0;
		};
		30C888EB21DB771600F4B05C /* Sources */ = {
			isa = PBXSourcesBuildPhase;
			buildActionMask = 2147483647;
			files = (
				30C888F421DB771600F4B05C /* E_Commerce_DemoUITests.m in Sources */,
			);
			runOnlyForDeploymentPostprocessing = 0;
		};
/* End PBXSourcesBuildPhase section */

/* Begin PBXTargetDependency section */
		30C888E621DB771600F4B05C /* PBXTargetDependency */ = {
			isa = PBXTargetDependency;
			target = 30C888CA21DB771600F4B05C /* E-Commerce Demo */;
			targetProxy = 30C888E521DB771600F4B05C /* PBXContainerItemProxy */;
		};
		30C888F121DB771600F4B05C /* PBXTargetDependency */ = {
			isa = PBXTargetDependency;
			target = 30C888CA21DB771600F4B05C /* E-Commerce Demo */;
			targetProxy = 30C888F021DB771600F4B05C /* PBXContainerItemProxy */;
		};
/* End PBXTargetDependency section */

/* Begin PBXVariantGroup section */
		30C888D721DB771600F4B05C /* Main.storyboard */ = {
			isa = PBXVariantGroup;
			children = (
				30C888D821DB771600F4B05C /* Base */,
			);
			name = Main.storyboard;
			sourceTree = "<group>";
		};
		30C888DC21DB771600F4B05C /* LaunchScreen.storyboard */ = {
			isa = PBXVariantGroup;
			children = (
				30C888DD21DB771600F4B05C /* Base */,
			);
			name = LaunchScreen.storyboard;
			sourceTree = "<group>";
		};
/* End PBXVariantGroup section */

/* Begin XCBuildConfiguration section */
		30C888F621DB771600F4B05C /* Debug */ = {
			isa = XCBuildConfiguration;
			buildSettings = {
				ALWAYS_SEARCH_USER_PATHS = NO;
				CLANG_ANALYZER_NONNULL = YES;
				CLANG_ANALYZER_NUMBER_OBJECT_CONVERSION = YES_AGGRESSIVE;
				CLANG_CXX_LANGUAGE_STANDARD = "gnu++0x";
				CLANG_CXX_LIBRARY = "libc++";
				CLANG_ENABLE_MODULES = YES;
				CLANG_ENABLE_OBJC_ARC = YES;
				CLANG_WARN_BOOL_CONVERSION = YES;
				CLANG_WARN_CONSTANT_CONVERSION = YES;
				CLANG_WARN_DIRECT_OBJC_ISA_USAGE = YES_ERROR;
				CLANG_WARN_DOCUMENTATION_COMMENTS = YES;
				CLANG_WARN_EMPTY_BODY = YES;
				CLANG_WARN_ENUM_CONVERSION = YES;
				CLANG_WARN_INFINITE_RECURSION = YES;
				CLANG_WARN_INT_CONVERSION = YES;
				CLANG_WARN_OBJC_ROOT_CLASS = YES_ERROR;
				CLANG_WARN_SUSPICIOUS_MOVE = YES;
				CLANG_WARN_UNREACHABLE_CODE = YES;
				CLANG_WARN__DUPLICATE_METHOD_MATCH = YES;
				"CODE_SIGN_IDENTITY[sdk=iphoneos*]" = "iPhone Developer";
				COPY_PHASE_STRIP = NO;
				DEBUG_INFORMATION_FORMAT = dwarf;
				ENABLE_STRICT_OBJC_MSGSEND = YES;
				ENABLE_TESTABILITY = YES;
				GCC_C_LANGUAGE_STANDARD = gnu99;
				GCC_DYNAMIC_NO_PIC = NO;
				GCC_NO_COMMON_BLOCKS = YES;
				GCC_OPTIMIZATION_LEVEL = 0;
				GCC_PREPROCESSOR_DEFINITIONS = (
					"DEBUG=1",
					"$(inherited)",
				);
				GCC_WARN_64_TO_32_BIT_CONVERSION = YES;
				GCC_WARN_ABOUT_RETURN_TYPE = YES_ERROR;
				GCC_WARN_UNDECLARED_SELECTOR = YES;
				GCC_WARN_UNINITIALIZED_AUTOS = YES_AGGRESSIVE;
				GCC_WARN_UNUSED_FUNCTION = YES;
				GCC_WARN_UNUSED_VARIABLE = YES;
				IPHONEOS_DEPLOYMENT_TARGET = 10.3;
				MTL_ENABLE_DEBUG_INFO = YES;
				ONLY_ACTIVE_ARCH = YES;
				SDKROOT = iphoneos;
				TARGETED_DEVICE_FAMILY = "1,2";
			};
			name = Debug;
		};
		30C888F721DB771600F4B05C /* Release */ = {
			isa = XCBuildConfiguration;
			buildSettings = {
				ALWAYS_SEARCH_USER_PATHS = NO;
				CLANG_ANALYZER_NONNULL = YES;
				CLANG_ANALYZER_NUMBER_OBJECT_CONVERSION = YES_AGGRESSIVE;
				CLANG_CXX_LANGUAGE_STANDARD = "gnu++0x";
				CLANG_CXX_LIBRARY = "libc++";
				CLANG_ENABLE_MODULES = YES;
				CLANG_ENABLE_OBJC_ARC = YES;
				CLANG_WARN_BOOL_CONVERSION = YES;
				CLANG_WARN_CONSTANT_CONVERSION = YES;
				CLANG_WARN_DIRECT_OBJC_ISA_USAGE = YES_ERROR;
				CLANG_WARN_DOCUMENTATION_COMMENTS = YES;
				CLANG_WARN_EMPTY_BODY = YES;
				CLANG_WARN_ENUM_CONVERSION = YES;
				CLANG_WARN_INFINITE_RECURSION = YES;
				CLANG_WARN_INT_CONVERSION = YES;
				CLANG_WARN_OBJC_ROOT_CLASS = YES_ERROR;
				CLANG_WARN_SUSPICIOUS_MOVE = YES;
				CLANG_WARN_UNREACHABLE_CODE = YES;
				CLANG_WARN__DUPLICATE_METHOD_MATCH = YES;
				"CODE_SIGN_IDENTITY[sdk=iphoneos*]" = "iPhone Developer";
				COPY_PHASE_STRIP = NO;
				DEBUG_INFORMATION_FORMAT = "dwarf-with-dsym";
				ENABLE_NS_ASSERTIONS = NO;
				ENABLE_STRICT_OBJC_MSGSEND = YES;
				GCC_C_LANGUAGE_STANDARD = gnu99;
				GCC_NO_COMMON_BLOCKS = YES;
				GCC_WARN_64_TO_32_BIT_CONVERSION = YES;
				GCC_WARN_ABOUT_RETURN_TYPE = YES_ERROR;
				GCC_WARN_UNDECLARED_SELECTOR = YES;
				GCC_WARN_UNINITIALIZED_AUTOS = YES_AGGRESSIVE;
				GCC_WARN_UNUSED_FUNCTION = YES;
				GCC_WARN_UNUSED_VARIABLE = YES;
				IPHONEOS_DEPLOYMENT_TARGET = 10.3;
				MTL_ENABLE_DEBUG_INFO = NO;
				SDKROOT = iphoneos;
				TARGETED_DEVICE_FAMILY = "1,2";
				VALIDATE_PRODUCT = YES;
			};
			name = Release;
		};
		30C888F921DB771600F4B05C /* Debug */ = {
			isa = XCBuildConfiguration;
			baseConfigurationReference = D843AD3347FC494104EE58D9 /* Pods-E-Commerce Demo.debug.xcconfig */;
			buildSettings = {
				ASSETCATALOG_COMPILER_APPICON_NAME = AppIcon;
				DEVELOPMENT_TEAM = 8ELBGGK4LH;
				INFOPLIST_FILE = "E-Commerce Demo/Info.plist";
				LD_RUNPATH_SEARCH_PATHS = "$(inherited) @executable_path/Frameworks";
				PRODUCT_BUNDLE_IDENTIFIER = "com.nikhilmanapure.E-Commerce-Demo";
				PRODUCT_NAME = "$(TARGET_NAME)";
			};
			name = Debug;
		};
		30C888FA21DB771600F4B05C /* Release */ = {
			isa = XCBuildConfiguration;
			baseConfigurationReference = DF5992D36A3CF2101F6CF5EE /* Pods-E-Commerce Demo.release.xcconfig */;
			buildSettings = {
				ASSETCATALOG_COMPILER_APPICON_NAME = AppIcon;
				DEVELOPMENT_TEAM = 8ELBGGK4LH;
				INFOPLIST_FILE = "E-Commerce Demo/Info.plist";
				LD_RUNPATH_SEARCH_PATHS = "$(inherited) @executable_path/Frameworks";
				PRODUCT_BUNDLE_IDENTIFIER = "com.nikhilmanapure.E-Commerce-Demo";
				PRODUCT_NAME = "$(TARGET_NAME)";
			};
			name = Release;
		};
		30C888FC21DB771600F4B05C /* Debug */ = {
			isa = XCBuildConfiguration;
			baseConfigurationReference = C9B522B2A31F88C5A97ED499 /* Pods-E-Commerce DemoTests.debug.xcconfig */;
			buildSettings = {
				BUNDLE_LOADER = "$(TEST_HOST)";
				DEVELOPMENT_TEAM = 8ELBGGK4LH;
				INFOPLIST_FILE = "E-Commerce DemoTests/Info.plist";
				LD_RUNPATH_SEARCH_PATHS = "$(inherited) @executable_path/Frameworks @loader_path/Frameworks";
				PRODUCT_BUNDLE_IDENTIFIER = "com.nikhilmanapure.E-Commerce-DemoTests";
				PRODUCT_NAME = "$(TARGET_NAME)";
				TEST_HOST = "$(BUILT_PRODUCTS_DIR)/E-Commerce Demo.app/E-Commerce Demo";
			};
			name = Debug;
		};
		30C888FD21DB771600F4B05C /* Release */ = {
			isa = XCBuildConfiguration;
			baseConfigurationReference = 2145FB269F691E70D8620D6A /* Pods-E-Commerce DemoTests.release.xcconfig */;
			buildSettings = {
				BUNDLE_LOADER = "$(TEST_HOST)";
				DEVELOPMENT_TEAM = 8ELBGGK4LH;
				INFOPLIST_FILE = "E-Commerce DemoTests/Info.plist";
				LD_RUNPATH_SEARCH_PATHS = "$(inherited) @executable_path/Frameworks @loader_path/Frameworks";
				PRODUCT_BUNDLE_IDENTIFIER = "com.nikhilmanapure.E-Commerce-DemoTests";
				PRODUCT_NAME = "$(TARGET_NAME)";
				TEST_HOST = "$(BUILT_PRODUCTS_DIR)/E-Commerce Demo.app/E-Commerce Demo";
			};
			name = Release;
		};
		30C888FF21DB771600F4B05C /* Debug */ = {
			isa = XCBuildConfiguration;
			baseConfigurationReference = 7B957764EDD4A975F9A82551 /* Pods-E-Commerce DemoUITests.debug.xcconfig */;
			buildSettings = {
				DEVELOPMENT_TEAM = 8ELBGGK4LH;
				INFOPLIST_FILE = "E-Commerce DemoUITests/Info.plist";
				LD_RUNPATH_SEARCH_PATHS = "$(inherited) @executable_path/Frameworks @loader_path/Frameworks";
				PRODUCT_BUNDLE_IDENTIFIER = "com.nikhilmanapure.E-Commerce-DemoUITests";
				PRODUCT_NAME = "$(TARGET_NAME)";
				TEST_TARGET_NAME = "E-Commerce Demo";
			};
			name = Debug;
		};
		30C8890021DB771600F4B05C /* Release */ = {
			isa = XCBuildConfiguration;
			baseConfigurationReference = 2986E46F197E6A79A1F4460C /* Pods-E-Commerce DemoUITests.release.xcconfig */;
			buildSettings = {
				DEVELOPMENT_TEAM = 8ELBGGK4LH;
				INFOPLIST_FILE = "E-Commerce DemoUITests/Info.plist";
				LD_RUNPATH_SEARCH_PATHS = "$(inherited) @executable_path/Frameworks @loader_path/Frameworks";
				PRODUCT_BUNDLE_IDENTIFIER = "com.nikhilmanapure.E-Commerce-DemoUITests";
				PRODUCT_NAME = "$(TARGET_NAME)";
				TEST_TARGET_NAME = "E-Commerce Demo";
			};
			name = Release;
		};
/* End XCBuildConfiguration section */

/* Begin XCConfigurationList section */
		30C888C621DB771600F4B05C /* Build configuration list for PBXProject "E-Commerce Demo" */ = {
			isa = XCConfigurationList;
			buildConfigurations = (
				30C888F621DB771600F4B05C /* Debug */,
				30C888F721DB771600F4B05C /* Release */,
			);
			defaultConfigurationIsVisible = 0;
			defaultConfigurationName = Release;
		};
		30C888F821DB771600F4B05C /* Build configuration list for PBXNativeTarget "E-Commerce Demo" */ = {
			isa = XCConfigurationList;
			buildConfigurations = (
				30C888F921DB771600F4B05C /* Debug */,
				30C888FA21DB771600F4B05C /* Release */,
			);
			defaultConfigurationIsVisible = 0;
			defaultConfigurationName = Release;
		};
		30C888FB21DB771600F4B05C /* Build configuration list for PBXNativeTarget "E-Commerce DemoTests" */ = {
			isa = XCConfigurationList;
			buildConfigurations = (
				30C888FC21DB771600F4B05C /* Debug */,
				30C888FD21DB771600F4B05C /* Release */,
			);
			defaultConfigurationIsVisible = 0;
			defaultConfigurationName = Release;
		};
		30C888FE21DB771600F4B05C /* Build configuration list for PBXNativeTarget "E-Commerce DemoUITests" */ = {
			isa = XCConfigurationList;
			buildConfigurations = (
				30C888FF21DB771600F4B05C /* Debug */,
				30C8890021DB771600F4B05C /* Release */,
			);
			defaultConfigurationIsVisible = 0;
			defaultConfigurationName = Release;
		};
/* End XCConfigurationList section */
	};
	rootObject = 30C888C321DB771600F4B05C /* Project object */;
}
